{
  "name": "semitone",
  "version": "0.0.1",
  "lockfileVersion": 1,
  "requires": true,
  "dependencies": {
    "@rollup/plugin-json": {
      "version": "4.1.0",
      "resolved": "https://registry.npmjs.org/@rollup/plugin-json/-/plugin-json-4.1.0.tgz",
      "integrity": "sha512-yfLbTdNS6amI/2OpmbiBoW12vngr5NW2jCJVZSBEz+H5KfUJZ2M7sDjk0U6GOOdCWFVScShte29o9NezJ53TPw==",
      "dev": true,
      "requires": {
        "@rollup/pluginutils": "^3.0.8"
      }
    },
    "@rollup/plugin-node-resolve": {
      "version": "11.0.1",
      "resolved": "https://registry.npmjs.org/@rollup/plugin-node-resolve/-/plugin-node-resolve-11.0.1.tgz",
      "integrity": "sha512-ltlsj/4Bhwwhb+Nb5xCz/6vieuEj2/BAkkqVIKmZwC7pIdl8srmgmglE4S0jFlZa32K4qvdQ6NHdmpRKD/LwoQ==",
      "dev": true,
      "requires": {
        "@rollup/pluginutils": "^3.1.0",
        "@types/resolve": "1.17.1",
        "builtin-modules": "^3.1.0",
        "deepmerge": "^4.2.2",
        "is-module": "^1.0.0",
        "resolve": "^1.19.0"
      }
    },
    "@rollup/pluginutils": {
      "version": "3.1.0",
      "resolved": "https://registry.npmjs.org/@rollup/pluginutils/-/pluginutils-3.1.0.tgz",
      "integrity": "sha512-GksZ6pr6TpIjHm8h9lSQ8pi8BE9VeubNT0OMJ3B5uZJ8pz73NPiqOtCog/x2/QzM1ENChPKxMDhiQuRHsqc+lg==",
      "dev": true,
      "requires": {
        "@types/estree": "0.0.39",
        "estree-walker": "^1.0.1",
        "picomatch": "^2.2.2"
      }
    },
    "@tonaljs/abc-notation": {
      "version": "4.5.1",
      "resolved": "https://registry.npmjs.org/@tonaljs/abc-notation/-/abc-notation-4.5.1.tgz",
      "integrity": "sha512-xapFuj1e7jyNSPq0qiW9ohW0CbdI4nDy0qIQJ+zyLvTD6i8r3ZvQN5DRdemYYl2VAaxkHh1zPhuaHOucHK2kRQ==",
      "requires": {
        "@tonaljs/core": "^4.5.1"
      }
    },
    "@tonaljs/array": {
      "version": "4.5.1",
      "resolved": "https://registry.npmjs.org/@tonaljs/array/-/array-4.5.1.tgz",
      "integrity": "sha512-QDHke1btJCDtUPqbuhySkaeR2c5FEyH7wt7tCIiQwOCYbC6wabksH9zo0cbbvc0yOdy96RKqHv+mNcUu9rp0oA==",
      "requires": {
        "@tonaljs/core": "^4.5.1"
      }
    },
    "@tonaljs/chord": {
      "version": "4.5.1",
      "resolved": "https://registry.npmjs.org/@tonaljs/chord/-/chord-4.5.1.tgz",
      "integrity": "sha512-lPvJ96L61m0aJsB8eEagx3yTcoJZMTXIxzoKVg2ge9xtPI9Iq5p5Y3aX5fkb12HpOu2Hoas3Kg2favCN0AENpw==",
      "requires": {
        "@tonaljs/chord-detect": "^4.5.1",
        "@tonaljs/chord-type": "^4.5.1",
        "@tonaljs/collection": "^4.5.1",
        "@tonaljs/core": "^4.5.1",
        "@tonaljs/pcset": "^4.5.1",
        "@tonaljs/scale-type": "^4.5.1"
      }
    },
    "@tonaljs/chord-detect": {
      "version": "4.5.1",
      "resolved": "https://registry.npmjs.org/@tonaljs/chord-detect/-/chord-detect-4.5.1.tgz",
      "integrity": "sha512-rA6vSLsd0b+oTEg3qZicsARXix49jKMoQLpqYnFWfNwSEop0eWcTv5cORJ6vcRrML+9TkXr9qtbZyvzK4Ev2Qw==",
      "requires": {
        "@tonaljs/chord-type": "^4.5.1",
        "@tonaljs/core": "^4.5.1",
        "@tonaljs/pcset": "^4.5.1"
      }
    },
    "@tonaljs/chord-type": {
      "version": "4.5.1",
      "resolved": "https://registry.npmjs.org/@tonaljs/chord-type/-/chord-type-4.5.1.tgz",
      "integrity": "sha512-QHrQEnBmjqdOpuJ2Bs4vqX4Z6gAo3LtUOHiJuoj8KyEHvUelmgj4UwXz7mQYc2eSyrpyBzhkPsZXbMXn4frZ+Q==",
      "requires": {
        "@tonaljs/core": "^4.5.1",
        "@tonaljs/pcset": "^4.5.1"
      }
    },
    "@tonaljs/collection": {
      "version": "4.5.1",
      "resolved": "https://registry.npmjs.org/@tonaljs/collection/-/collection-4.5.1.tgz",
      "integrity": "sha512-MEKjbJaS4SNUsIegW+IIGXgUZGs+Q/W9nSvdJWJnE0Jnxk76mNUNBzfT3OZBsDAlup/uazbEwzmaMHKvoXlAnA=="
    },
    "@tonaljs/core": {
      "version": "4.5.1",
      "resolved": "https://registry.npmjs.org/@tonaljs/core/-/core-4.5.1.tgz",
      "integrity": "sha512-dJxnI3wKZkgMhhrzV9gR+JBUUncgKcU2sxriVR53xCrxInwd7ql00018y21V8X9wsiMwyFjpGwlmegQEw13fkg=="
    },
    "@tonaljs/duration-value": {
      "version": "4.5.1",
      "resolved": "https://registry.npmjs.org/@tonaljs/duration-value/-/duration-value-4.5.1.tgz",
      "integrity": "sha512-J4ABYcLheOFsnVIY2mqZhHIekepuO0fDZ2KB+6DOnslkNXrYjKT4H1H/qv4/gLOZzbcDfYyj43e5jag+4BcL4w=="
    },
    "@tonaljs/interval": {
      "version": "4.5.1",
      "resolved": "https://registry.npmjs.org/@tonaljs/interval/-/interval-4.5.1.tgz",
      "integrity": "sha512-nqu7h8Lq8t6hhITRqcC8oLZhq+KSTHZbV29af7cSrYanZb0/mzJUg3GcGLAyMoUksKo40A5ArRcaWXvoWighLg==",
      "requires": {
        "@tonaljs/core": "^4.5.1"
      }
    },
    "@tonaljs/key": {
      "version": "4.6.0",
      "resolved": "https://registry.npmjs.org/@tonaljs/key/-/key-4.6.0.tgz",
      "integrity": "sha512-a45oY4UIIPgIeiesH6M8tpA2j053Pi8WgMlZGMRCMEWxuaLXz6Ej4qdwuBYyby0M17cZvCSNDAFd+aZsTuLq5g==",
      "requires": {
        "@tonaljs/core": "^4.5.1",
        "@tonaljs/note": "^4.6.0",
        "@tonaljs/roman-numeral": "^4.5.1"
      }
    },
    "@tonaljs/midi": {
      "version": "4.5.1",
      "resolved": "https://registry.npmjs.org/@tonaljs/midi/-/midi-4.5.1.tgz",
      "integrity": "sha512-CMfBtouilxGRR+lrmjiupMD10KRCanMvFVbGdcmwHRDNBQFtUw2fOUQoWdinEwky2KFPbuxpQ2vXibmiAViH/Q==",
      "requires": {
        "@tonaljs/core": "^4.5.1"
      }
    },
    "@tonaljs/mode": {
      "version": "4.5.1",
      "resolved": "https://registry.npmjs.org/@tonaljs/mode/-/mode-4.5.1.tgz",
      "integrity": "sha512-NFygHwxyyp+k3DioLhVQaI4FiEumKYANqgY3hvjf9e4dfnb6GbE4692KvDTX5Tgmg7wCcJDWs6s1YtAbFbAZbw==",
      "requires": {
        "@tonaljs/collection": "^4.5.1",
        "@tonaljs/core": "^4.5.1",
        "@tonaljs/interval": "^4.5.1",
        "@tonaljs/pcset": "^4.5.1"
      }
    },
    "@tonaljs/note": {
      "version": "4.6.0",
      "resolved": "https://registry.npmjs.org/@tonaljs/note/-/note-4.6.0.tgz",
      "integrity": "sha512-09DqI3khZXqa0KziAXP3D9Yc7nklyYYMyL9IthtpPGrqaZyoA5ryrGUhtpXWg/tOrtkNx3VK+iJFDQdUiA9btQ==",
      "requires": {
        "@tonaljs/core": "^4.5.1",
        "@tonaljs/midi": "^4.5.1"
      }
    },
    "@tonaljs/pcset": {
      "version": "4.5.1",
      "resolved": "https://registry.npmjs.org/@tonaljs/pcset/-/pcset-4.5.1.tgz",
      "integrity": "sha512-v5xGgwadWidd0lZa1T7JdtelcqcRTtv9cEv+JXbRsjVn6WNLcRbfnA3dHrveJ8CysK45Bnuh3gvG1fu9SOZesA==",
      "requires": {
        "@tonaljs/collection": "^4.5.1",
        "@tonaljs/core": "^4.5.1"
      }
    },
    "@tonaljs/progression": {
      "version": "4.5.1",
      "resolved": "https://registry.npmjs.org/@tonaljs/progression/-/progression-4.5.1.tgz",
      "integrity": "sha512-xXEAMSKQs2PhrgPRP/hqn+AHKv+UcsryCRrLSQTEntY1AQW6eWlCIxWkgKASXRS926Y+eiGp6fdCR/4T5+wunQ==",
      "requires": {
        "@tonaljs/chord": "^4.5.1",
        "@tonaljs/core": "^4.5.1",
        "@tonaljs/roman-numeral": "^4.5.1"
      }
    },
    "@tonaljs/range": {
      "version": "4.5.1",
      "resolved": "https://registry.npmjs.org/@tonaljs/range/-/range-4.5.1.tgz",
      "integrity": "sha512-wHxy6o5TGtHSR0YcLAIUFcjg5D8GNHvQEAOXDujgakZ60hRxjYdIVMBcyFVbP4hd9zHGKRb8IqcwdtmWcWlcNw==",
      "requires": {
        "@tonaljs/collection": "^4.5.1",
        "@tonaljs/midi": "^4.5.1"
      }
    },
    "@tonaljs/roman-numeral": {
      "version": "4.5.1",
      "resolved": "https://registry.npmjs.org/@tonaljs/roman-numeral/-/roman-numeral-4.5.1.tgz",
      "integrity": "sha512-esdWyFd/g8zzsreRa6fj4k7hCnOqtSJdClgVkikUcatDu0DA8NRlifpPagPx3TDikU0vF/jb2WoWITjLO7NMYA==",
      "requires": {
        "@tonaljs/core": "^4.5.1"
      }
    },
    "@tonaljs/scale": {
      "version": "4.6.0",
      "resolved": "https://registry.npmjs.org/@tonaljs/scale/-/scale-4.6.0.tgz",
      "integrity": "sha512-ysmenWuovMu/aWHVn56o7UhQA9DTXY9o5PoaIDlZa7+CM2LXqkiayL6FAPJ7Y3ss7bOSFwovDd53yYwK9/xT9A==",
      "requires": {
        "@tonaljs/chord-type": "^4.5.1",
        "@tonaljs/collection": "^4.5.1",
        "@tonaljs/core": "^4.5.1",
        "@tonaljs/note": "^4.6.0",
        "@tonaljs/pcset": "^4.5.1",
        "@tonaljs/scale-type": "^4.5.1"
      }
    },
    "@tonaljs/scale-type": {
      "version": "4.5.1",
      "resolved": "https://registry.npmjs.org/@tonaljs/scale-type/-/scale-type-4.5.1.tgz",
      "integrity": "sha512-FgOkAJ4+6hmMgCMY6AWD4lFv/FOeO4HiGY7ZcYvpyUB22oE9uQyrcXs3E18BFrsnr3Y9RXwvg5qW7/VUI33Ocg==",
      "requires": {
        "@tonaljs/core": "^4.5.1",
        "@tonaljs/pcset": "^4.5.1"
      }
    },
    "@tonaljs/time-signature": {
      "version": "4.5.1",
      "resolved": "https://registry.npmjs.org/@tonaljs/time-signature/-/time-signature-4.5.1.tgz",
      "integrity": "sha512-ci35yhEIDniPUCZRG7ey8WYJIzgQchAGLCRggQd20wERPIry2rdItK2w+CVaSxvCy057PPTX6mH6ax/LRsF6PA=="
    },
    "@tonaljs/tonal": {
      "version": "4.6.0",
      "resolved": "https://registry.npmjs.org/@tonaljs/tonal/-/tonal-4.6.0.tgz",
      "integrity": "sha512-KlRYI/9Iv73Oupc1vxU8QgjWJEnu+yBGUxsgGleDAOEtS/rdFsEu0BkaGsPr2cj2S9kt91M3herqHd6Nl9TbCA==",
      "requires": {
        "@tonaljs/abc-notation": "^4.5.1",
        "@tonaljs/array": "^4.5.1",
        "@tonaljs/chord": "^4.5.1",
        "@tonaljs/chord-type": "^4.5.1",
        "@tonaljs/collection": "^4.5.1",
        "@tonaljs/core": "^4.5.1",
        "@tonaljs/duration-value": "^4.5.1",
        "@tonaljs/interval": "^4.5.1",
        "@tonaljs/key": "^4.6.0",
        "@tonaljs/midi": "^4.5.1",
        "@tonaljs/mode": "^4.5.1",
        "@tonaljs/note": "^4.6.0",
        "@tonaljs/pcset": "^4.5.1",
        "@tonaljs/progression": "^4.5.1",
        "@tonaljs/range": "^4.5.1",
        "@tonaljs/roman-numeral": "^4.5.1",
        "@tonaljs/scale": "^4.6.0",
        "@tonaljs/scale-type": "^4.5.1",
        "@tonaljs/time-signature": "^4.5.1"
      }
    },
    "@types/estree": {
      "version": "0.0.39",
      "resolved": "https://registry.npmjs.org/@types/estree/-/estree-0.0.39.tgz",
      "integrity": "sha512-EYNwp3bU+98cpU4lAWYYL7Zz+2gryWH1qbdDTidVd6hkiR6weksdbMadyXKXNPEkQFhXM+hVO9ZygomHXp+AIw==",
      "dev": true
    },
    "@types/node": {
      "version": "14.14.20",
      "resolved": "https://registry.npmjs.org/@types/node/-/node-14.14.20.tgz",
      "integrity": "sha512-Y93R97Ouif9JEOWPIUyU+eyIdyRqQR0I8Ez1dzku4hDx34NWh4HbtIc3WNzwB1Y9ULvNGeu5B8h8bVL5cAk4/A==",
      "dev": true
    },
    "@types/resolve": {
      "version": "1.17.1",
      "resolved": "https://registry.npmjs.org/@types/resolve/-/resolve-1.17.1.tgz",
      "integrity": "sha512-yy7HuzQhj0dhGpD8RLXSZWEkLsV9ibvxvi6EiJ3bkqLAO1RGo0WbkWQiwpRlSFymTJRz0d3k5LM3kkx8ArDbLw==",
      "dev": true,
      "requires": {
        "@types/node": "*"
      }
    },
    "builtin-modules": {
      "version": "3.2.0",
      "resolved": "https://registry.npmjs.org/builtin-modules/-/builtin-modules-3.2.0.tgz",
      "integrity": "sha512-lGzLKcioL90C7wMczpkY0n/oART3MbBa8R9OFGE1rJxoVI86u4WAGfEk8Wjv10eKSyTHVGkSo3bvBylCEtk7LA==",
      "dev": true
    },
    "deepmerge": {
      "version": "4.2.2",
      "resolved": "https://registry.npmjs.org/deepmerge/-/deepmerge-4.2.2.tgz",
      "integrity": "sha512-FJ3UgI4gIl+PHZm53knsuSFpE+nESMr7M4v9QcgB7S63Kj/6WqMiFQJpBBYz1Pt+66bZpP3Q7Lye0Oo9MPKEdg==",
      "dev": true
    },
    "estree-walker": {
      "version": "1.0.1",
      "resolved": "https://registry.npmjs.org/estree-walker/-/estree-walker-1.0.1.tgz",
      "integrity": "sha512-1fMXF3YP4pZZVozF8j/ZLfvnR8NSIljt56UhbZ5PeeDmmGHpgpdwQt7ITlGvYaQukCvuBRMLEiKiYC+oeIg4cg==",
      "dev": true
    },
    "fsevents": {
      "version": "2.1.3",
      "resolved": "https://registry.npmjs.org/fsevents/-/fsevents-2.1.3.tgz",
      "integrity": "sha512-Auw9a4AxqWpa9GUfj370BMPzzyncfBABW8Mab7BGWBYDj4Isgq+cDKtx0i6u9jcX9pQDnswsaaOTgTmA5pEjuQ==",
      "dev": true,
      "optional": true
    },
    "function-bind": {
      "version": "1.1.1",
      "resolved": "https://registry.npmjs.org/function-bind/-/function-bind-1.1.1.tgz",
      "integrity": "sha512-yIovAzMX49sF8Yl58fSCWJ5svSLuaibPxXQJFLmBObTuCr0Mf1KiPopGM9NiFjiYBCbfaa2Fh6breQ6ANVTI0A==",
      "dev": true
    },
    "has": {
      "version": "1.0.3",
      "resolved": "https://registry.npmjs.org/has/-/has-1.0.3.tgz",
      "integrity": "sha512-f2dvO0VU6Oej7RkWJGrehjbzMAjFp5/VKPp5tTpWIV4JHHZK1/BxbFRtf/siA2SWTe09caDmVtYYzWEIbBS4zw==",
      "dev": true,
      "requires": {
        "function-bind": "^1.1.1"
      }
    },
    "is-core-module": {
      "version": "2.2.0",
      "resolved": "https://registry.npmjs.org/is-core-module/-/is-core-module-2.2.0.tgz",
      "integrity": "sha512-XRAfAdyyY5F5cOXn7hYQDqh2Xmii+DEfIcQGxK/uNwMHhIkPWO0g8msXcbzLe+MpGoR951MlqM/2iIlU4vKDdQ==",
      "dev": true,
      "requires": {
        "has": "^1.0.3"
      }
    },
    "is-module": {
      "version": "1.0.0",
      "resolved": "https://registry.npmjs.org/is-module/-/is-module-1.0.0.tgz",
      "integrity": "sha1-Mlj7afeMFNW4FdZkM2tM/7ZEFZE=",
      "dev": true
    },
    "path-parse": {
      "version": "1.0.6",
      "resolved": "https://registry.npmjs.org/path-parse/-/path-parse-1.0.6.tgz",
      "integrity": "sha512-GSmOT2EbHrINBf9SR7CDELwlJ8AENk3Qn7OikK4nFYAu3Ote2+JYNVvkpAEQm3/TLNEJFD/xZJjzyxg3KBWOzw==",
      "dev": true
    },
    "picomatch": {
      "version": "2.2.2",
      "resolved": "https://registry.npmjs.org/picomatch/-/picomatch-2.2.2.tgz",
      "integrity": "sha512-q0M/9eZHzmr0AulXyPwNfZjtwZ/RBZlbN3K3CErVrk50T2ASYI7Bye0EvekFY3IP1Nt2DHu0re+V2ZHIpMkuWg==",
      "dev": true
    },
    "resolve": {
      "version": "1.19.0",
      "resolved": "https://registry.npmjs.org/resolve/-/resolve-1.19.0.tgz",
      "integrity": "sha512-rArEXAgsBG4UgRGcynxWIWKFvh/XZCcS8UJdHhwy91zwAvCZIbcs+vAbflgBnNjYMs/i/i+/Ux6IZhML1yPvxg==",
      "dev": true,
      "requires": {
        "is-core-module": "^2.1.0",
        "path-parse": "^1.0.6"
      }
    },
    "rollup": {
      "version": "2.36.1",
      "resolved": "https://registry.npmjs.org/rollup/-/rollup-2.36.1.tgz",
      "integrity": "sha512-eAfqho8dyzuVvrGqpR0ITgEdq0zG2QJeWYh+HeuTbpcaXk8vNFc48B7bJa1xYosTCKx0CuW+447oQOW8HgBIZQ==",
      "dev": true,
      "requires": {
        "fsevents": "~2.1.2"
      }
    }
  }
}
